{
  "name": "javascript-closed-caption-runner",
  "lockfileVersion": 3,
  "requires": true,
  "packages": {
    "": {
      "dependencies": {
        "webvtt-parser": "^2.2.0"
      }
    },
    "node_modules/webvtt-parser": {
      "version": "2.2.0",
      "resolved": "https://registry.npmjs.org/webvtt-parser/-/webvtt-parser-2.2.0.tgz",
      "integrity": "sha512-FzmaED+jZyt8SCJPTKbSsimrrnQU8ELlViE1wuF3x1pgiQUM8Llj5XWj2j/s6Tlk71ucPfGSMFqZWBtKn/0uEA=="
    }
  }
}
